PODS:
  - docer_rust_builder (0.0.1):
    - FlutterMacOS
  - FlutterMacOS (1.0.0)

DEPENDENCIES:
  - docer_rust_builder (from `Flutter/ephemeral/.symlinks/plugins/docer_rust_builder/macos`)
  - FlutterMacOS (from `Flutter/ephemeral`)

EXTERNAL SOURCES:
  docer_rust_builder:
    :path: Flutter/ephemeral/.symlinks/plugins/docer_rust_builder/macos
  FlutterMacOS:
    :path: Flutter/ephemeral

SPEC CHECKSUMS:
  docer_rust_builder: 10b9a81f606be2dc3ffdfd0bb7a862e6a90ea7e1
  FlutterMacOS: d0db08ddef1a9af05a5ec4b724367152bb0500b1

PODFILE CHECKSUM: 54d867c82ac51cbd61b565781b9fada492027009

COCOAPODS: 1.17.0
